
Microsoft Visual Studio Solution File, Format Version 12.00
# Visual Studio Version 16
VisualStudioVersion = 16.0.31613.86
MinimumVisualStudioVersion = 10.0.40219.1
Project("{9A19103F-16F7-4668-BE54-9A1E7A4F7556}") = "Redworth", "WinFormsApp1\Redworth.csproj", "{45B8337D-1EA4-4E43-A3A2-7CC99FDD0EE6}"
EndProject
Global
	GlobalSection(SolutionConfigurationPlatforms) = preSolution
		Debug|Any CPU = Debug|Any CPU
		Release|Any CPU = Release|Any CPU
	EndGlobalSection
	GlobalSection(ProjectConfigurationPlatforms) = postSolution
		{45B8337D-1EA4-4E43-A3A2-7CC99FDD0EE6}.Debug|Any CPU.ActiveCfg = Debug|Any CPU
		{45B8337D-1EA4-4E43-A3A2-7CC99FDD0EE6}.Debug|Any CPU.Build.0 = Debug|Any CPU
		{45B8337D-1EA4-4E43-A3A2-7CC99FDD0EE6}.Release|Any CPU.ActiveCfg = Release|Any CPU
		{45B8337D-1EA4-4E43-A3A2-7CC99FDD0EE6}.Release|Any CPU.Build.0 = Release|Any CPU
	EndGlobalSection
	GlobalSection(SolutionProperties) = preSolution
		HideSolutionNode = FALSE
	EndGlobalSection
	GlobalSection(ExtensibilityGlobals) = postSolution
		SolutionGuid = {85C8FC89-0110-4E17-B695-5E81CB8E10E6}
	EndGlobalSection
EndGlobal
